
Microsoft Visual Studio Solution File, Format Version 12.00
Project("{FAE04EC0-301F-11D3-BF4B-00C04F79EFBC}") = "Auctions", "Auctions.csproj", "{1145C97D-AFC5-4980-8017-A270831CE360}"
EndProject
Global
	GlobalSection(SolutionConfigurationPlatforms) = preSolution
		Debug|Any CPU = Debug|Any CPU
		Release|Any CPU = Release|Any CPU
	EndGlobalSection
	GlobalSection(ProjectConfigurationPlatforms) = postSolution
		{1145C97D-AFC5-4980-8017-A270831CE360}.Debug|Any CPU.ActiveCfg = Debug|Any CPU
		{1145C97D-AFC5-4980-8017-A270831CE360}.Debug|Any CPU.Build.0 = Debug|Any CPU
		{1145C97D-AFC5-4980-8017-A270831CE360}.Release|Any CPU.ActiveCfg = Release|Any CPU
		{1145C97D-AFC5-4980-8017-A270831CE360}.Release|Any CPU.Build.0 = Release|Any CPU
	EndGlobalSection
EndGlobal
